
Microsoft Visual Studio Solution File, Format Version 12.00
# Visual Studio Version 17
VisualStudioVersion = 17.14.36518.9
MinimumVisualStudioVersion = 10.0.40219.1
Project("{FAE04EC0-301F-11D3-BF4B-00C04F79EFBC}") = "523. Continuous Subarray Sum", "523. Continuous Subarray Sum\523. Continuous Subarray Sum.csproj", "{B9C10D49-40E2-4047-8EE5-D6FD03C6E459}"
EndProject
Project("{FAE04EC0-301F-11D3-BF4B-00C04F79EFBC}") = "974. Subarray Sums Divisible by K", "974. Subarray Sums Divisible by K\974. Subarray Sums Divisible by K.csproj", "{0DBF2706-12DC-4E41-B54C-44F0EBCEC2A4}"
EndProject
Project("{FAE04EC0-301F-11D3-BF4B-00C04F79EFBC}") = "2090. K Radius Subarray Averages", "2090. K Radius Subarray Averages\2090. K Radius Subarray Averages.csproj", "{420F5D75-A345-45BA-A648-9A036C30F296}"
EndProject
Project("{FAE04EC0-301F-11D3-BF4B-00C04F79EFBC}") = "1423. Maximum Points You Can Obtain from Cards", "1423. Maximum Points You Can Obtain from Cards\1423. Maximum Points You Can Obtain from Cards.csproj", "{4523A41D-1DAC-49A4-896C-7D05BA50D44F}"
EndProject
Project("{FAE04EC0-301F-11D3-BF4B-00C04F79EFBC}") = "238. Product of Array Except Self", "238. Product of Array Except Self\238. Product of Array Except Self.csproj", "{C7E45FED-4736-4E21-A0D3-450FA881278C}"
EndProject
Project("{FAE04EC0-301F-11D3-BF4B-00C04F79EFBC}") = "380. Insert Delete GetRandom O(1)", "380. Insert Delete GetRandom O(1)\380. Insert Delete GetRandom O(1).csproj", "{B0FF5507-F645-4078-9AC6-8A9791DF9A40}"
EndProject
Global
	GlobalSection(SolutionConfigurationPlatforms) = preSolution
		Debug|Any CPU = Debug|Any CPU
		Release|Any CPU = Release|Any CPU
	EndGlobalSection
	GlobalSection(ProjectConfigurationPlatforms) = postSolution
		{B9C10D49-40E2-4047-8EE5-D6FD03C6E459}.Debug|Any CPU.ActiveCfg = Debug|Any CPU
		{B9C10D49-40E2-4047-8EE5-D6FD03C6E459}.Debug|Any CPU.Build.0 = Debug|Any CPU
		{B9C10D49-40E2-4047-8EE5-D6FD03C6E459}.Release|Any CPU.ActiveCfg = Release|Any CPU
		{B9C10D49-40E2-4047-8EE5-D6FD03C6E459}.Release|Any CPU.Build.0 = Release|Any CPU
		{0DBF2706-12DC-4E41-B54C-44F0EBCEC2A4}.Debug|Any CPU.ActiveCfg = Debug|Any CPU
		{0DBF2706-12DC-4E41-B54C-44F0EBCEC2A4}.Debug|Any CPU.Build.0 = Debug|Any CPU
		{0DBF2706-12DC-4E41-B54C-44F0EBCEC2A4}.Release|Any CPU.ActiveCfg = Release|Any CPU
		{0DBF2706-12DC-4E41-B54C-44F0EBCEC2A4}.Release|Any CPU.Build.0 = Release|Any CPU
		{420F5D75-A345-45BA-A648-9A036C30F296}.Debug|Any CPU.ActiveCfg = Debug|Any CPU
		{420F5D75-A345-45BA-A648-9A036C30F296}.Debug|Any CPU.Build.0 = Debug|Any CPU
		{420F5D75-A345-45BA-A648-9A036C30F296}.Release|Any CPU.ActiveCfg = Release|Any CPU
		{420F5D75-A345-45BA-A648-9A036C30F296}.Release|Any CPU.Build.0 = Release|Any CPU
		{4523A41D-1DAC-49A4-896C-7D05BA50D44F}.Debug|Any CPU.ActiveCfg = Debug|Any CPU
		{4523A41D-1DAC-49A4-896C-7D05BA50D44F}.Debug|Any CPU.Build.0 = Debug|Any CPU
		{4523A41D-1DAC-49A4-896C-7D05BA50D44F}.Release|Any CPU.ActiveCfg = Release|Any CPU
		{4523A41D-1DAC-49A4-896C-7D05BA50D44F}.Release|Any CPU.Build.0 = Release|Any CPU
		{C7E45FED-4736-4E21-A0D3-450FA881278C}.Debug|Any CPU.ActiveCfg = Debug|Any CPU
		{C7E45FED-4736-4E21-A0D3-450FA881278C}.Debug|Any CPU.Build.0 = Debug|Any CPU
		{C7E45FED-4736-4E21-A0D3-450FA881278C}.Release|Any CPU.ActiveCfg = Release|Any CPU
		{C7E45FED-4736-4E21-A0D3-450FA881278C}.Release|Any CPU.Build.0 = Release|Any CPU
		{B0FF5507-F645-4078-9AC6-8A9791DF9A40}.Debug|Any CPU.ActiveCfg = Debug|Any CPU
		{B0FF5507-F645-4078-9AC6-8A9791DF9A40}.Debug|Any CPU.Build.0 = Debug|Any CPU
		{B0FF5507-F645-4078-9AC6-8A9791DF9A40}.Release|Any CPU.ActiveCfg = Release|Any CPU
		{B0FF5507-F645-4078-9AC6-8A9791DF9A40}.Release|Any CPU.Build.0 = Release|Any CPU
	EndGlobalSection
	GlobalSection(SolutionProperties) = preSolution
		HideSolutionNode = FALSE
	EndGlobalSection
	GlobalSection(ExtensibilityGlobals) = postSolution
		SolutionGuid = {54EAD306-19D3-4A04-8B56-E16DA6687242}
	EndGlobalSection
EndGlobal
